
Microsoft Visual Studio Solution File, Format Version 12.00
# Visual Studio Version 17
VisualStudioVersion = 17.5.33516.290
MinimumVisualStudioVersion = 10.0.40219.1
Project("{FAE04EC0-301F-11D3-BF4B-00C04F79EFBC}") = "Demo_Project", "Demo_Project\Demo_Project.csproj", "{C3CF925F-31E5-4753-BB42-8175EDCD9E76}"
EndProject
Project("{FAE04EC0-301F-11D3-BF4B-00C04F79EFBC}") = "EntityLayer", "EntityLayer\EntityLayer.csproj", "{667A6B1C-7BE8-4208-BCF5-DA5D02C3FDE2}"
EndProject
Project("{FAE04EC0-301F-11D3-BF4B-00C04F79EFBC}") = "BusinessLayer", "BusinessLayer\BusinessLayer.csproj", "{F0FD34A1-1890-4FCE-A0AF-81BAAFA58F69}"
EndProject
Project("{FAE04EC0-301F-11D3-BF4B-00C04F79EFBC}") = "DataAccessLayer", "DataAccessLayer\DataAccessLayer.csproj", "{7DDEFABC-E92C-47FB-B900-A9DF3E22A3E6}"
EndProject
Global
	GlobalSection(SolutionConfigurationPlatforms) = preSolution
		Debug|Any CPU = Debug|Any CPU
		Release|Any CPU = Release|Any CPU
	EndGlobalSection
	GlobalSection(ProjectConfigurationPlatforms) = postSolution
		{C3CF925F-31E5-4753-BB42-8175EDCD9E76}.Debug|Any CPU.ActiveCfg = Debug|Any CPU
		{C3CF925F-31E5-4753-BB42-8175EDCD9E76}.Debug|Any CPU.Build.0 = Debug|Any CPU
		{C3CF925F-31E5-4753-BB42-8175EDCD9E76}.Release|Any CPU.ActiveCfg = Release|Any CPU
		{C3CF925F-31E5-4753-BB42-8175EDCD9E76}.Release|Any CPU.Build.0 = Release|Any CPU
		{667A6B1C-7BE8-4208-BCF5-DA5D02C3FDE2}.Debug|Any CPU.ActiveCfg = Debug|Any CPU
		{667A6B1C-7BE8-4208-BCF5-DA5D02C3FDE2}.Debug|Any CPU.Build.0 = Debug|Any CPU
		{667A6B1C-7BE8-4208-BCF5-DA5D02C3FDE2}.Release|Any CPU.ActiveCfg = Release|Any CPU
		{667A6B1C-7BE8-4208-BCF5-DA5D02C3FDE2}.Release|Any CPU.Build.0 = Release|Any CPU
		{F0FD34A1-1890-4FCE-A0AF-81BAAFA58F69}.Debug|Any CPU.ActiveCfg = Debug|Any CPU
		{F0FD34A1-1890-4FCE-A0AF-81BAAFA58F69}.Debug|Any CPU.Build.0 = Debug|Any CPU
		{F0FD34A1-1890-4FCE-A0AF-81BAAFA58F69}.Release|Any CPU.ActiveCfg = Release|Any CPU
		{F0FD34A1-1890-4FCE-A0AF-81BAAFA58F69}.Release|Any CPU.Build.0 = Release|Any CPU
		{7DDEFABC-E92C-47FB-B900-A9DF3E22A3E6}.Debug|Any CPU.ActiveCfg = Debug|Any CPU
		{7DDEFABC-E92C-47FB-B900-A9DF3E22A3E6}.Debug|Any CPU.Build.0 = Debug|Any CPU
		{7DDEFABC-E92C-47FB-B900-A9DF3E22A3E6}.Release|Any CPU.ActiveCfg = Release|Any CPU
		{7DDEFABC-E92C-47FB-B900-A9DF3E22A3E6}.Release|Any CPU.Build.0 = Release|Any CPU
	EndGlobalSection
	GlobalSection(SolutionProperties) = preSolution
		HideSolutionNode = FALSE
	EndGlobalSection
	GlobalSection(ExtensibilityGlobals) = postSolution
		SolutionGuid = {9CA44907-70D8-465E-BEAA-E8B90C1001F6}
	EndGlobalSection
EndGlobal
